
Microsoft Visual Studio Solution File, Format Version 12.00
# Visual Studio Version 17
VisualStudioVersion = 17.5.33516.290
MinimumVisualStudioVersion = 10.0.40219.1
Project("{2150E333-8FDC-42A3-9474-1A3956D46DE8}") = "CreationalPattern", "CreationalPattern", "{D4153647-7126-4812-94B7-747942259127}"
EndProject
Project("{9A19103F-16F7-4668-BE54-9A1E7A4F7556}") = "FactoryMethod", "FactoryMethod\FactoryMethod.csproj", "{477A1C88-CFF1-44EE-80ED-BFAB0D832FB3}"
EndProject
Project("{2150E333-8FDC-42A3-9474-1A3956D46DE8}") = "Dependencies", "Dependencies", "{743253CB-699D-41D0-BEFD-C8BEB25ABED1}"
EndProject
Project("{9A19103F-16F7-4668-BE54-9A1E7A4F7556}") = "RealisticDependencies", "RealisticDependencies\RealisticDependencies.csproj", "{8F07BFEF-27AA-4094-9BED-767C681A8FDE}"
EndProject
Project("{9A19103F-16F7-4668-BE54-9A1E7A4F7556}") = "BuilderPattern", "BuilderPattern\BuilderPattern.csproj", "{276ABF35-1410-4C02-87C2-EDCF622AF517}"
EndProject
Project("{9A19103F-16F7-4668-BE54-9A1E7A4F7556}") = "AbstractFactory", "AbstractFactory\AbstractFactory.csproj", "{ADD2CAFB-04CD-4D0E-A1D6-06F771132DB4}"
EndProject
Project("{9A19103F-16F7-4668-BE54-9A1E7A4F7556}") = "MakeCodeMoreOOP", "MakeCodeMoreOOP\MakeCodeMoreOOP.csproj", "{5BF75D2A-536B-48E8-8691-76E6F0B5B0E4}"
EndProject
Project("{9A19103F-16F7-4668-BE54-9A1E7A4F7556}") = "SingletonPattern", "SingletonPattern\SingletonPattern.csproj", "{2FED2A94-FB02-432E-84E9-1BC065A46B75}"
EndProject
Project("{2150E333-8FDC-42A3-9474-1A3956D46DE8}") = "StrucutralPattern", "StrucutralPattern", "{9F6AF758-6BDB-453D-814A-EA65437589CC}"
EndProject
Project("{9A19103F-16F7-4668-BE54-9A1E7A4F7556}") = "Adapter-Wrapper-Pattern", "Adapter-Wrapper-Pattern\Adapter-Wrapper-Pattern.csproj", "{8C140CDB-8AAF-428D-B607-E38CA08C4105}"
EndProject
Project("{9A19103F-16F7-4668-BE54-9A1E7A4F7556}") = "BridgePattern", "BridgePattern\BridgePattern.csproj", "{622CA465-6FDF-4F49-BFE4-A91F7D2508CD}"
EndProject
Project("{9A19103F-16F7-4668-BE54-9A1E7A4F7556}") = "CompositePattern", "CompositePattern\CompositePattern.csproj", "{E7A78944-E74C-425E-ADD1-3F4E260FEFC9}"
EndProject
Project("{9A19103F-16F7-4668-BE54-9A1E7A4F7556}") = "PrototypePattern", "PrototypePattern\PrototypePattern.csproj", "{12F2DF85-C1AB-4560-BA5F-0E8B1C291EE4}"
EndProject
Project("{9A19103F-16F7-4668-BE54-9A1E7A4F7556}") = "DecoratorPattern", "DecoratorPattern\DecoratorPattern.csproj", "{35B4A2FB-5EC1-48AF-B362-7B7FBEA7673D}"
EndProject
Project("{9A19103F-16F7-4668-BE54-9A1E7A4F7556}") = "FacadePattern", "FacadePattern\FacadePattern.csproj", "{BD5744F5-F2DB-4A7E-B5BD-33F5B9AF63FD}"
EndProject
Project("{9A19103F-16F7-4668-BE54-9A1E7A4F7556}") = "FlyweightPattern", "FlyweightPattern\FlyweightPattern.csproj", "{6A67425C-B983-403A-8FE2-F654FEC57AE5}"
EndProject
Project("{2150E333-8FDC-42A3-9474-1A3956D46DE8}") = "BehavioralPattern", "BehavioralPattern", "{6F8F3D30-B177-4952-AE33-0C11C3456540}"
EndProject
Project("{9A19103F-16F7-4668-BE54-9A1E7A4F7556}") = "ChainOfResponsibility", "ChainOfResponsibility\ChainOfResponsibility.csproj", "{BC6EFA5B-AF95-42F9-A3EC-77A65A76A68F}"
EndProject
Project("{9A19103F-16F7-4668-BE54-9A1E7A4F7556}") = "CommandPattern", "CommandPattern\CommandPattern.csproj", "{0172CC12-7D57-49EC-BEA3-67FB662C3920}"
EndProject
Project("{9A19103F-16F7-4668-BE54-9A1E7A4F7556}") = "Iterator", "Iterator\Iterator.csproj", "{27A5E257-DB92-4164-9516-2306D1F93E1F}"
EndProject
Project("{9A19103F-16F7-4668-BE54-9A1E7A4F7556}") = "Mediator", "Mediator\Mediator.csproj", "{6049078A-5F1B-4C7B-AB34-C0DCF0CC062D}"
EndProject
Project("{9A19103F-16F7-4668-BE54-9A1E7A4F7556}") = "Memento", "Memento\Memento.csproj", "{886B4FE0-4E85-49D0-89D8-75EA03A711B8}"
EndProject
Project("{9A19103F-16F7-4668-BE54-9A1E7A4F7556}") = "Observer", "Observer\Observer.csproj", "{95B98ADF-AB9B-4593-B036-EC3FD3B78AE0}"
EndProject
Project("{FAE04EC0-301F-11D3-BF4B-00C04F79EFBC}") = "State", "State\State.csproj", "{87E39494-7440-49E3-BE56-AB0D80C62E01}"
EndProject
Global
	GlobalSection(SolutionConfigurationPlatforms) = preSolution
		Debug|Any CPU = Debug|Any CPU
		Release|Any CPU = Release|Any CPU
	EndGlobalSection
	GlobalSection(ProjectConfigurationPlatforms) = postSolution
		{477A1C88-CFF1-44EE-80ED-BFAB0D832FB3}.Debug|Any CPU.ActiveCfg = Debug|Any CPU
		{477A1C88-CFF1-44EE-80ED-BFAB0D832FB3}.Debug|Any CPU.Build.0 = Debug|Any CPU
		{477A1C88-CFF1-44EE-80ED-BFAB0D832FB3}.Release|Any CPU.ActiveCfg = Release|Any CPU
		{477A1C88-CFF1-44EE-80ED-BFAB0D832FB3}.Release|Any CPU.Build.0 = Release|Any CPU
		{8F07BFEF-27AA-4094-9BED-767C681A8FDE}.Debug|Any CPU.ActiveCfg = Debug|Any CPU
		{8F07BFEF-27AA-4094-9BED-767C681A8FDE}.Debug|Any CPU.Build.0 = Debug|Any CPU
		{8F07BFEF-27AA-4094-9BED-767C681A8FDE}.Release|Any CPU.ActiveCfg = Release|Any CPU
		{8F07BFEF-27AA-4094-9BED-767C681A8FDE}.Release|Any CPU.Build.0 = Release|Any CPU
		{276ABF35-1410-4C02-87C2-EDCF622AF517}.Debug|Any CPU.ActiveCfg = Debug|Any CPU
		{276ABF35-1410-4C02-87C2-EDCF622AF517}.Debug|Any CPU.Build.0 = Debug|Any CPU
		{276ABF35-1410-4C02-87C2-EDCF622AF517}.Release|Any CPU.ActiveCfg = Release|Any CPU
		{276ABF35-1410-4C02-87C2-EDCF622AF517}.Release|Any CPU.Build.0 = Release|Any CPU
		{ADD2CAFB-04CD-4D0E-A1D6-06F771132DB4}.Debug|Any CPU.ActiveCfg = Debug|Any CPU
		{ADD2CAFB-04CD-4D0E-A1D6-06F771132DB4}.Debug|Any CPU.Build.0 = Debug|Any CPU
		{ADD2CAFB-04CD-4D0E-A1D6-06F771132DB4}.Release|Any CPU.ActiveCfg = Release|Any CPU
		{ADD2CAFB-04CD-4D0E-A1D6-06F771132DB4}.Release|Any CPU.Build.0 = Release|Any CPU
		{5BF75D2A-536B-48E8-8691-76E6F0B5B0E4}.Debug|Any CPU.ActiveCfg = Debug|Any CPU
		{5BF75D2A-536B-48E8-8691-76E6F0B5B0E4}.Debug|Any CPU.Build.0 = Debug|Any CPU
		{5BF75D2A-536B-48E8-8691-76E6F0B5B0E4}.Release|Any CPU.ActiveCfg = Release|Any CPU
		{5BF75D2A-536B-48E8-8691-76E6F0B5B0E4}.Release|Any CPU.Build.0 = Release|Any CPU
		{2FED2A94-FB02-432E-84E9-1BC065A46B75}.Debug|Any CPU.ActiveCfg = Debug|Any CPU
		{2FED2A94-FB02-432E-84E9-1BC065A46B75}.Debug|Any CPU.Build.0 = Debug|Any CPU
		{2FED2A94-FB02-432E-84E9-1BC065A46B75}.Release|Any CPU.ActiveCfg = Release|Any CPU
		{2FED2A94-FB02-432E-84E9-1BC065A46B75}.Release|Any CPU.Build.0 = Release|Any CPU
		{8C140CDB-8AAF-428D-B607-E38CA08C4105}.Debug|Any CPU.ActiveCfg = Debug|Any CPU
		{8C140CDB-8AAF-428D-B607-E38CA08C4105}.Debug|Any CPU.Build.0 = Debug|Any CPU
		{8C140CDB-8AAF-428D-B607-E38CA08C4105}.Release|Any CPU.ActiveCfg = Release|Any CPU
		{8C140CDB-8AAF-428D-B607-E38CA08C4105}.Release|Any CPU.Build.0 = Release|Any CPU
		{622CA465-6FDF-4F49-BFE4-A91F7D2508CD}.Debug|Any CPU.ActiveCfg = Debug|Any CPU
		{622CA465-6FDF-4F49-BFE4-A91F7D2508CD}.Debug|Any CPU.Build.0 = Debug|Any CPU
		{622CA465-6FDF-4F49-BFE4-A91F7D2508CD}.Release|Any CPU.ActiveCfg = Release|Any CPU
		{622CA465-6FDF-4F49-BFE4-A91F7D2508CD}.Release|Any CPU.Build.0 = Release|Any CPU
		{E7A78944-E74C-425E-ADD1-3F4E260FEFC9}.Debug|Any CPU.ActiveCfg = Debug|Any CPU
		{E7A78944-E74C-425E-ADD1-3F4E260FEFC9}.Debug|Any CPU.Build.0 = Debug|Any CPU
		{E7A78944-E74C-425E-ADD1-3F4E260FEFC9}.Release|Any CPU.ActiveCfg = Release|Any CPU
		{E7A78944-E74C-425E-ADD1-3F4E260FEFC9}.Release|Any CPU.Build.0 = Release|Any CPU
		{12F2DF85-C1AB-4560-BA5F-0E8B1C291EE4}.Debug|Any CPU.ActiveCfg = Debug|Any CPU
		{12F2DF85-C1AB-4560-BA5F-0E8B1C291EE4}.Debug|Any CPU.Build.0 = Debug|Any CPU
		{12F2DF85-C1AB-4560-BA5F-0E8B1C291EE4}.Release|Any CPU.ActiveCfg = Release|Any CPU
		{12F2DF85-C1AB-4560-BA5F-0E8B1C291EE4}.Release|Any CPU.Build.0 = Release|Any CPU
		{35B4A2FB-5EC1-48AF-B362-7B7FBEA7673D}.Debug|Any CPU.ActiveCfg = Debug|Any CPU
		{35B4A2FB-5EC1-48AF-B362-7B7FBEA7673D}.Debug|Any CPU.Build.0 = Debug|Any CPU
		{35B4A2FB-5EC1-48AF-B362-7B7FBEA7673D}.Release|Any CPU.ActiveCfg = Release|Any CPU
		{35B4A2FB-5EC1-48AF-B362-7B7FBEA7673D}.Release|Any CPU.Build.0 = Release|Any CPU
		{BD5744F5-F2DB-4A7E-B5BD-33F5B9AF63FD}.Debug|Any CPU.ActiveCfg = Debug|Any CPU
		{BD5744F5-F2DB-4A7E-B5BD-33F5B9AF63FD}.Debug|Any CPU.Build.0 = Debug|Any CPU
		{BD5744F5-F2DB-4A7E-B5BD-33F5B9AF63FD}.Release|Any CPU.ActiveCfg = Release|Any CPU
		{BD5744F5-F2DB-4A7E-B5BD-33F5B9AF63FD}.Release|Any CPU.Build.0 = Release|Any CPU
		{6A67425C-B983-403A-8FE2-F654FEC57AE5}.Debug|Any CPU.ActiveCfg = Debug|Any CPU
		{6A67425C-B983-403A-8FE2-F654FEC57AE5}.Debug|Any CPU.Build.0 = Debug|Any CPU
		{6A67425C-B983-403A-8FE2-F654FEC57AE5}.Release|Any CPU.ActiveCfg = Release|Any CPU
		{6A67425C-B983-403A-8FE2-F654FEC57AE5}.Release|Any CPU.Build.0 = Release|Any CPU
		{BC6EFA5B-AF95-42F9-A3EC-77A65A76A68F}.Debug|Any CPU.ActiveCfg = Debug|Any CPU
		{BC6EFA5B-AF95-42F9-A3EC-77A65A76A68F}.Debug|Any CPU.Build.0 = Debug|Any CPU
		{BC6EFA5B-AF95-42F9-A3EC-77A65A76A68F}.Release|Any CPU.ActiveCfg = Release|Any CPU
		{BC6EFA5B-AF95-42F9-A3EC-77A65A76A68F}.Release|Any CPU.Build.0 = Release|Any CPU
		{0172CC12-7D57-49EC-BEA3-67FB662C3920}.Debug|Any CPU.ActiveCfg = Debug|Any CPU
		{0172CC12-7D57-49EC-BEA3-67FB662C3920}.Debug|Any CPU.Build.0 = Debug|Any CPU
		{0172CC12-7D57-49EC-BEA3-67FB662C3920}.Release|Any CPU.ActiveCfg = Release|Any CPU
		{0172CC12-7D57-49EC-BEA3-67FB662C3920}.Release|Any CPU.Build.0 = Release|Any CPU
		{27A5E257-DB92-4164-9516-2306D1F93E1F}.Debug|Any CPU.ActiveCfg = Debug|Any CPU
		{27A5E257-DB92-4164-9516-2306D1F93E1F}.Debug|Any CPU.Build.0 = Debug|Any CPU
		{27A5E257-DB92-4164-9516-2306D1F93E1F}.Release|Any CPU.ActiveCfg = Release|Any CPU
		{27A5E257-DB92-4164-9516-2306D1F93E1F}.Release|Any CPU.Build.0 = Release|Any CPU
		{6049078A-5F1B-4C7B-AB34-C0DCF0CC062D}.Debug|Any CPU.ActiveCfg = Debug|Any CPU
		{6049078A-5F1B-4C7B-AB34-C0DCF0CC062D}.Debug|Any CPU.Build.0 = Debug|Any CPU
		{6049078A-5F1B-4C7B-AB34-C0DCF0CC062D}.Release|Any CPU.ActiveCfg = Release|Any CPU
		{6049078A-5F1B-4C7B-AB34-C0DCF0CC062D}.Release|Any CPU.Build.0 = Release|Any CPU
		{886B4FE0-4E85-49D0-89D8-75EA03A711B8}.Debug|Any CPU.ActiveCfg = Debug|Any CPU
		{886B4FE0-4E85-49D0-89D8-75EA03A711B8}.Debug|Any CPU.Build.0 = Debug|Any CPU
		{886B4FE0-4E85-49D0-89D8-75EA03A711B8}.Release|Any CPU.ActiveCfg = Release|Any CPU
		{886B4FE0-4E85-49D0-89D8-75EA03A711B8}.Release|Any CPU.Build.0 = Release|Any CPU
		{95B98ADF-AB9B-4593-B036-EC3FD3B78AE0}.Debug|Any CPU.ActiveCfg = Debug|Any CPU
		{95B98ADF-AB9B-4593-B036-EC3FD3B78AE0}.Debug|Any CPU.Build.0 = Debug|Any CPU
		{95B98ADF-AB9B-4593-B036-EC3FD3B78AE0}.Release|Any CPU.ActiveCfg = Release|Any CPU
		{95B98ADF-AB9B-4593-B036-EC3FD3B78AE0}.Release|Any CPU.Build.0 = Release|Any CPU
		{87E39494-7440-49E3-BE56-AB0D80C62E01}.Debug|Any CPU.ActiveCfg = Debug|Any CPU
		{87E39494-7440-49E3-BE56-AB0D80C62E01}.Debug|Any CPU.Build.0 = Debug|Any CPU
		{87E39494-7440-49E3-BE56-AB0D80C62E01}.Release|Any CPU.ActiveCfg = Release|Any CPU
		{87E39494-7440-49E3-BE56-AB0D80C62E01}.Release|Any CPU.Build.0 = Release|Any CPU
	EndGlobalSection
	GlobalSection(SolutionProperties) = preSolution
		HideSolutionNode = FALSE
	EndGlobalSection
	GlobalSection(NestedProjects) = preSolution
		{477A1C88-CFF1-44EE-80ED-BFAB0D832FB3} = {D4153647-7126-4812-94B7-747942259127}
		{8F07BFEF-27AA-4094-9BED-767C681A8FDE} = {743253CB-699D-41D0-BEFD-C8BEB25ABED1}
		{276ABF35-1410-4C02-87C2-EDCF622AF517} = {D4153647-7126-4812-94B7-747942259127}
		{ADD2CAFB-04CD-4D0E-A1D6-06F771132DB4} = {D4153647-7126-4812-94B7-747942259127}
		{2FED2A94-FB02-432E-84E9-1BC065A46B75} = {D4153647-7126-4812-94B7-747942259127}
		{8C140CDB-8AAF-428D-B607-E38CA08C4105} = {9F6AF758-6BDB-453D-814A-EA65437589CC}
		{622CA465-6FDF-4F49-BFE4-A91F7D2508CD} = {9F6AF758-6BDB-453D-814A-EA65437589CC}
		{E7A78944-E74C-425E-ADD1-3F4E260FEFC9} = {9F6AF758-6BDB-453D-814A-EA65437589CC}
		{12F2DF85-C1AB-4560-BA5F-0E8B1C291EE4} = {D4153647-7126-4812-94B7-747942259127}
		{35B4A2FB-5EC1-48AF-B362-7B7FBEA7673D} = {9F6AF758-6BDB-453D-814A-EA65437589CC}
		{BD5744F5-F2DB-4A7E-B5BD-33F5B9AF63FD} = {9F6AF758-6BDB-453D-814A-EA65437589CC}
		{6A67425C-B983-403A-8FE2-F654FEC57AE5} = {9F6AF758-6BDB-453D-814A-EA65437589CC}
		{BC6EFA5B-AF95-42F9-A3EC-77A65A76A68F} = {6F8F3D30-B177-4952-AE33-0C11C3456540}
		{0172CC12-7D57-49EC-BEA3-67FB662C3920} = {6F8F3D30-B177-4952-AE33-0C11C3456540}
		{27A5E257-DB92-4164-9516-2306D1F93E1F} = {6F8F3D30-B177-4952-AE33-0C11C3456540}
		{6049078A-5F1B-4C7B-AB34-C0DCF0CC062D} = {6F8F3D30-B177-4952-AE33-0C11C3456540}
		{886B4FE0-4E85-49D0-89D8-75EA03A711B8} = {6F8F3D30-B177-4952-AE33-0C11C3456540}
		{95B98ADF-AB9B-4593-B036-EC3FD3B78AE0} = {6F8F3D30-B177-4952-AE33-0C11C3456540}
		{87E39494-7440-49E3-BE56-AB0D80C62E01} = {6F8F3D30-B177-4952-AE33-0C11C3456540}
	EndGlobalSection
	GlobalSection(ExtensibilityGlobals) = postSolution
		SolutionGuid = {7CC53F5B-6077-4ADC-BBCB-9F8555F503D1}
	EndGlobalSection
EndGlobal
